
Microsoft Visual Studio Solution File, Format Version 12.00
# Visual Studio Version 17
VisualStudioVersion = 17.8.34511.84
MinimumVisualStudioVersion = 10.0.40219.1
Project("{FAE04EC0-301F-11D3-BF4B-00C04F79EFBC}") = "C sharp Project", "C sharp Project\C sharp Project.csproj", "{FB838C19-C136-4D89-B3F7-4CBA5B0DBE53}"
EndProject
Global
	GlobalSection(SolutionConfigurationPlatforms) = preSolution
		Debug|Any CPU = Debug|Any CPU
		Release|Any CPU = Release|Any CPU
	EndGlobalSection
	GlobalSection(ProjectConfigurationPlatforms) = postSolution
		{FB838C19-C136-4D89-B3F7-4CBA5B0DBE53}.Debug|Any CPU.ActiveCfg = Debug|Any CPU
		{FB838C19-C136-4D89-B3F7-4CBA5B0DBE53}.Debug|Any CPU.Build.0 = Debug|Any CPU
		{FB838C19-C136-4D89-B3F7-4CBA5B0DBE53}.Release|Any CPU.ActiveCfg = Release|Any CPU
		{FB838C19-C136-4D89-B3F7-4CBA5B0DBE53}.Release|Any CPU.Build.0 = Release|Any CPU
	EndGlobalSection
	GlobalSection(SolutionProperties) = preSolution
		HideSolutionNode = FALSE
	EndGlobalSection
	GlobalSection(ExtensibilityGlobals) = postSolution
		SolutionGuid = {004F6F93-0730-46B0-808D-B8BE56ADF9A9}
	EndGlobalSection
EndGlobal
